
Microsoft Visual Studio Solution File, Format Version 12.00
# Visual Studio Version 17
VisualStudioVersion = 17.10.35122.118
MinimumVisualStudioVersion = 10.0.40219.1
Project("{FAE04EC0-301F-11D3-BF4B-00C04F79EFBC}") = "2212410_BT2", "2212410_BT2.csproj", "{7134014A-EA2E-49B9-AA7A-9891F3818FF3}"
EndProject
Global
	GlobalSection(SolutionConfigurationPlatforms) = preSolution
		Debug|Any CPU = Debug|Any CPU
		Release|Any CPU = Release|Any CPU
	EndGlobalSection
	GlobalSection(ProjectConfigurationPlatforms) = postSolution
		{7134014A-EA2E-49B9-AA7A-9891F3818FF3}.Debug|Any CPU.ActiveCfg = Debug|Any CPU
		{7134014A-EA2E-49B9-AA7A-9891F3818FF3}.Debug|Any CPU.Build.0 = Debug|Any CPU
		{7134014A-EA2E-49B9-AA7A-9891F3818FF3}.Release|Any CPU.ActiveCfg = Release|Any CPU
		{7134014A-EA2E-49B9-AA7A-9891F3818FF3}.Release|Any CPU.Build.0 = Release|Any CPU
	EndGlobalSection
	GlobalSection(SolutionProperties) = preSolution
		HideSolutionNode = FALSE
	EndGlobalSection
	GlobalSection(ExtensibilityGlobals) = postSolution
		SolutionGuid = {FE98854A-53DB-40F1-A796-A2E4990C1E71}
	EndGlobalSection
EndGlobal
